// !$*UTF8*$!
{
	archiveVersion = 1;
	classes = {
	};
	objectVersion = 46;
	objects = {

/* Begin PBXBuildFile section */
		623C503C18AFC387003FE84F /* Foundation.framework in Frameworks */ = {isa = PBXBuildFile; fileRef = 623C503B18AFC387003FE84F /* Foundation.framework */; };
		623C503E18AFC387003FE84F /* CoreGraphics.framework in Frameworks */ = {isa = PBXBuildFile; fileRef = 623C503D18AFC387003FE84F /* CoreGraphics.framework */; };
		623C504018AFC387003FE84F /* UIKit.framework in Frameworks */ = {isa = PBXBuildFile; fileRef = 623C503F18AFC387003FE84F /* UIKit.framework */; };
		623C504618AFC387003FE84F /* InfoPlist.strings in Resources */ = {isa = PBXBuildFile; fileRef = 623C504418AFC387003FE84F /* InfoPlist.strings */; };
		623C504818AFC387003FE84F /* main.m in Sources */ = {isa = PBXBuildFile; fileRef = 623C504718AFC387003FE84F /* main.m */; };
		623C504C18AFC387003FE84F /* OMIAppDelegate.m in Sources */ = {isa = PBXBuildFile; fileRef = 623C504B18AFC387003FE84F /* OMIAppDelegate.m */; };
		623C504F18AFC387003FE84F /* Main.storyboard in Resources */ = {isa = PBXBuildFile; fileRef = 623C504D18AFC387003FE84F /* Main.storyboard */; };
		623C505218AFC388003FE84F /* OMIViewController.m in Sources */ = {isa = PBXBuildFile; fileRef = 623C505118AFC388003FE84F /* OMIViewController.m */; };
		623C505418AFC388003FE84F /* Images.xcassets in Resources */ = {isa = PBXBuildFile; fileRef = 623C505318AFC388003FE84F /* Images.xcassets */; };
		623C505B18AFC388003FE84F /* XCTest.framework in Frameworks */ = {isa = PBXBuildFile; fileRef = 623C505A18AFC388003FE84F /* XCTest.framework */; };
		623C505C18AFC388003FE84F /* Foundation.framework in Frameworks */ = {isa = PBXBuildFile; fileRef = 623C503B18AFC387003FE84F /* Foundation.framework */; };
		623C505D18AFC388003FE84F /* UIKit.framework in Frameworks */ = {isa = PBXBuildFile; fileRef = 623C503F18AFC387003FE84F /* UIKit.framework */; };
		623C506518AFC388003FE84F /* InfoPlist.strings in Resources */ = {isa = PBXBuildFile; fileRef = 623C506318AFC388003FE84F /* InfoPlist.strings */; };
		623C506718AFC388003FE84F /* FocusorTests.m in Sources */ = {isa = PBXBuildFile; fileRef = 623C506618AFC388003FE84F /* FocusorTests.m */; };
/* End PBXBuildFile section */

/* Begin PBXContainerItemProxy section */
		623C505E18AFC388003FE84F /* PBXContainerItemProxy */ = {
			isa = PBXContainerItemProxy;
			containerPortal = 623C503018AFC387003FE84F /* Project object */;
			proxyType = 1;
			remoteGlobalIDString = 623C503718AFC387003FE84F;
			remoteInfo = Focusor;
		};
/* End PBXContainerItemProxy section */

/* Begin PBXFileReference section */
		623C503818AFC387003FE84F /* Focusor.app */ = {isa = PBXFileReference; explicitFileType = wrapper.application; includeInIndex = 0; path = Focusor.app; sourceTree = BUILT_PRODUCTS_DIR; };
		623C503B18AFC387003FE84F /* Foundation.framework */ = {isa = PBXFileReference; lastKnownFileType = wrapper.framework; name = Foundation.framework; path = System/Library/Frameworks/Foundation.framework; sourceTree = SDKROOT; };
		623C503D18AFC387003FE84F /* CoreGraphics.framework */ = {isa = PBXFileReference; lastKnownFileType = wrapper.framework; name = CoreGraphics.framework; path = System/Library/Frameworks/CoreGraphics.framework; sourceTree = SDKROOT; };
		623C503F18AFC387003FE84F /* UIKit.framework */ = {isa = PBXFileReference; lastKnownFileType = wrapper.framework; name = UIKit.framework; path = System/Library/Frameworks/UIKit.framework; sourceTree = SDKROOT; };
		623C504318AFC387003FE84F /* Focusor-Info.plist */ = {isa = PBXFileReference; lastKnownFileType = text.plist.xml; path = "Focusor-Info.plist"; sourceTree = "<group>"; };
		623C504518AFC387003FE84F /* en */ = {isa = PBXFileReference; lastKnownFileType = text.plist.strings; name = en; path = en.lproj/InfoPlist.strings; sourceTree = "<group>"; };
		623C504718AFC387003FE84F /* main.m */ = {isa = PBXFileReference; lastKnownFileType = sourcecode.c.objc; path = main.m; sourceTree = "<group>"; };
		623C504918AFC387003FE84F /* Focusor-Prefix.pch */ = {isa = PBXFileReference; lastKnownFileType = sourcecode.c.h; path = "Focusor-Prefix.pch"; sourceTree = "<group>"; };
		623C504A18AFC387003FE84F /* OMIAppDelegate.h */ = {isa = PBXFileReference; lastKnownFileType = sourcecode.c.h; path = OMIAppDelegate.h; sourceTree = "<group>"; };
		623C504B18AFC387003FE84F /* OMIAppDelegate.m */ = {isa = PBXFileReference; lastKnownFileType = sourcecode.c.objc; path = OMIAppDelegate.m; sourceTree = "<group>"; };
		623C504E18AFC387003FE84F /* Base */ = {isa = PBXFileReference; lastKnownFileType = file.storyboard; name = Base; path = Base.lproj/Main.storyboard; sourceTree = "<group>"; };
		623C505018AFC387003FE84F /* OMIViewController.h */ = {isa = PBXFileReference; lastKnownFileType = sourcecode.c.h; path = OMIViewController.h; sourceTree = "<group>"; };
		623C505118AFC388003FE84F /* OMIViewController.m */ = {isa = PBXFileReference; lastKnownFileType = sourcecode.c.objc; path = OMIViewController.m; sourceTree = "<group>"; };
		623C505318AFC388003FE84F /* Images.xcassets */ = {isa = PBXFileReference; lastKnownFileType = folder.assetcatalog; path = Images.xcassets; sourceTree = "<group>"; };
		623C505918AFC388003FE84F /* FocusorTests.xctest */ = {isa = PBXFileReference; explicitFileType = wrapper.cfbundle; includeInIndex = 0; path = FocusorTests.xctest; sourceTree = BUILT_PRODUCTS_DIR; };
		623C505A18AFC388003FE84F /* XCTest.framework */ = {isa = PBXFileReference; lastKnownFileType = wrapper.framework; name = XCTest.framework; path = Library/Frameworks/XCTest.framework; sourceTree = DEVELOPER_DIR; };
		623C506218AFC388003FE84F /* FocusorTests-Info.plist */ = {isa = PBXFileReference; lastKnownFileType = text.plist.xml; path = "FocusorTests-Info.plist"; sourceTree = "<group>"; };
		623C506418AFC388003FE84F /* en */ = {isa = PBXFileReference; lastKnownFileType = text.plist.strings; name = en; path = en.lproj/InfoPlist.strings; sourceTree = "<group>"; };
		623C506618AFC388003FE84F /* FocusorTests.m */ = {isa = PBXFileReference; lastKnownFileType = sourcecode.c.objc; path = FocusorTests.m; sourceTree = "<group>"; };
/* End PBXFileReference section */

/* Begin PBXFrameworksBuildPhase section */
		623C503518AFC387003FE84F /* Frameworks */ = {
			isa = PBXFrameworksBuildPhase;
			buildActionMask = 2147483647;
			files = (
				623C503E18AFC387003FE84F /* CoreGraphics.framework in Frameworks */,
				623C504018AFC387003FE84F /* UIKit.framework in Frameworks */,
				623C503C18AFC387003FE84F /* Foundation.framework in Frameworks */,
			);
			runOnlyForDeploymentPostprocessing = 0;
		};
		623C505618AFC388003FE84F /* Frameworks */ = {
			isa = PBXFrameworksBuildPhase;
			buildActionMask = 2147483647;
			files = (
				623C505B18AFC388003FE84F /* XCTest.framework in Frameworks */,
				623C505D18AFC388003FE84F /* UIKit.framework in Frameworks */,
				623C505C18AFC388003FE84F /* Foundation.framework in Frameworks */,
			);
			runOnlyForDeploymentPostprocessing = 0;
		};
/* End PBXFrameworksBuildPhase section */

/* Begin PBXGroup section */
		623C502F18AFC387003FE84F = {
			isa = PBXGroup;
			children = (
				623C504118AFC387003FE84F /* Focusor */,
				623C506018AFC388003FE84F /* FocusorTests */,
				623C503A18AFC387003FE84F /* Frameworks */,
				623C503918AFC387003FE84F /* Products */,
			);
			sourceTree = "<group>";
		};
		623C503918AFC387003FE84F /* Products */ = {
			isa = PBXGroup;
			children = (
				623C503818AFC387003FE84F /* Focusor.app */,
				623C505918AFC388003FE84F /* FocusorTests.xctest */,
			);
			name = Products;
			sourceTree = "<group>";
		};
		623C503A18AFC387003FE84F /* Frameworks */ = {
			isa = PBXGroup;
			children = (
				623C503B18AFC387003FE84F /* Foundation.framework */,
				623C503D18AFC387003FE84F /* CoreGraphics.framework */,
				623C503F18AFC387003FE84F /* UIKit.framework */,
				623C505A18AFC388003FE84F /* XCTest.framework */,
			);
			name = Frameworks;
			sourceTree = "<group>";
		};
		623C504118AFC387003FE84F /* Focusor */ = {
			isa = PBXGroup;
			children = (
				623C504A18AFC387003FE84F /* OMIAppDelegate.h */,
				623C504B18AFC387003FE84F /* OMIAppDelegate.m */,
				623C504D18AFC387003FE84F /* Main.storyboard */,
				623C505018AFC387003FE84F /* OMIViewController.h */,
				623C505118AFC388003FE84F /* OMIViewController.m */,
				623C505318AFC388003FE84F /* Images.xcassets */,
				623C504218AFC387003FE84F /* Supporting Files */,
			);
			path = Focusor;
			sourceTree = "<group>";
		};
		623C504218AFC387003FE84F /* Supporting Files */ = {
			isa = PBXGroup;
			children = (
				623C504318AFC387003FE84F /* Focusor-Info.plist */,
				623C504418AFC387003FE84F /* InfoPlist.strings */,
				623C504718AFC387003FE84F /* main.m */,
				623C504918AFC387003FE84F /* Focusor-Prefix.pch */,
			);
			name = "Supporting Files";
			sourceTree = "<group>";
		};
		623C506018AFC388003FE84F /* FocusorTests */ = {
			isa = PBXGroup;
			children = (
				623C506618AFC388003FE84F /* FocusorTests.m */,
				623C506118AFC388003FE84F /* Supporting Files */,
			);
			path = FocusorTests;
			sourceTree = "<group>";
		};
		623C506118AFC388003FE84F /* Supporting Files */ = {
			isa = PBXGroup;
			children = (
				623C506218AFC388003FE84F /* FocusorTests-Info.plist */,
				623C506318AFC388003FE84F /* InfoPlist.strings */,
			);
			name = "Supporting Files";
			sourceTree = "<group>";
		};
/* End PBXGroup section */

/* Begin PBXNativeTarget section */
		623C503718AFC387003FE84F /* Focusor */ = {
			isa = PBXNativeTarget;
			buildConfigurationList = 623C506A18AFC388003FE84F /* Build configuration list for PBXNativeTarget "Focusor" */;
			buildPhases = (
				623C503418AFC387003FE84F /* Sources */,
				623C503518AFC387003FE84F /* Frameworks */,
				623C503618AFC387003FE84F /* Resources */,
			);
			buildRules = (
			);
			dependencies = (
			);
			name = Focusor;
			productName = Focusor;
			productReference = 623C503818AFC387003FE84F /* Focusor.app */;
			productType = "com.apple.product-type.application";
		};
		623C505818AFC388003FE84F /* FocusorTests */ = {
			isa = PBXNativeTarget;
			buildConfigurationList = 623C506D18AFC388003FE84F /* Build configuration list for PBXNativeTarget "FocusorTests" */;
			buildPhases = (
				623C505518AFC388003FE84F /* Sources */,
				623C505618AFC388003FE84F /* Frameworks */,
				623C505718AFC388003FE84F /* Resources */,
			);
			buildRules = (
			);
			dependencies = (
				623C505F18AFC388003FE84F /* PBXTargetDependency */,
			);
			name = FocusorTests;
			productName = FocusorTests;
			productReference = 623C505918AFC388003FE84F /* FocusorTests.xctest */;
			productType = "com.apple.product-type.bundle.unit-test";
		};
/* End PBXNativeTarget section */

/* Begin PBXProject section */
		623C503018AFC387003FE84F /* Project object */ = {
			isa = PBXProject;
			attributes = {
				CLASSPREFIX = OMI;
				LastUpgradeCheck = 0500;
				ORGANIZATIONNAME = "Oleg Makaed";
				TargetAttributes = {
					623C505818AFC388003FE84F = {
						TestTargetID = 623C503718AFC387003FE84F;
					};
				};
			};
			buildConfigurationList = 623C503318AFC387003FE84F /* Build configuration list for PBXProject "Focusor" */;
			compatibilityVersion = "Xcode 3.2";
			developmentRegion = English;
			hasScannedForEncodings = 0;
			knownRegions = (
				en,
				Base,
			);
			mainGroup = 623C502F18AFC387003FE84F;
			productRefGroup = 623C503918AFC387003FE84F /* Products */;
			projectDirPath = "";
			projectRoot = "";
			targets = (
				623C503718AFC387003FE84F /* Focusor */,
				623C505818AFC388003FE84F /* FocusorTests */,
			);
		};
/* End PBXProject section */

/* Begin PBXResourcesBuildPhase section */
		623C503618AFC387003FE84F /* Resources */ = {
			isa = PBXResourcesBuildPhase;
			buildActionMask = 2147483647;
			files = (
				623C505418AFC388003FE84F /* Images.xcassets in Resources */,
				623C504618AFC387003FE84F /* InfoPlist.strings in Resources */,
				623C504F18AFC387003FE84F /* Main.storyboard in Resources */,
			);
			runOnlyForDeploymentPostprocessing = 0;
		};
		623C505718AFC388003FE84F /* Resources */ = {
			isa = PBXResourcesBuildPhase;
			buildActionMask = 2147483647;
			files = (
				623C506518AFC388003FE84F /* InfoPlist.strings in Resources */,
			);
			runOnlyForDeploymentPostprocessing = 0;
		};
/* End PBXResourcesBuildPhase section */

/* Begin PBXSourcesBuildPhase section */
		623C503418AFC387003FE84F /* Sources */ = {
			isa = PBXSourcesBuildPhase;
			buildActionMask = 2147483647;
			files = (
				623C505218AFC388003FE84F /* OMIViewController.m in Sources */,
				623C504C18AFC387003FE84F /* OMIAppDelegate.m in Sources */,
				623C504818AFC387003FE84F /* main.m in Sources */,
			);
			runOnlyForDeploymentPostprocessing = 0;
		};
		623C505518AFC388003FE84F /* Sources */ = {
			isa = PBXSourcesBuildPhase;
			buildActionMask = 2147483647;
			files = (
				623C506718AFC388003FE84F /* FocusorTests.m in Sources */,
			);
			runOnlyForDeploymentPostprocessing = 0;
		};
/* End PBXSourcesBuildPhase section */

/* Begin PBXTargetDependency section */
		623C505F18AFC388003FE84F /* PBXTargetDependency */ = {
			isa = PBXTargetDependency;
			target = 623C503718AFC387003FE84F /* Focusor */;
			targetProxy = 623C505E18AFC388003FE84F /* PBXContainerItemProxy */;
		};
/* End PBXTargetDependency section */

/* Begin PBXVariantGroup section */
		623C504418AFC387003FE84F /* InfoPlist.strings */ = {
			isa = PBXVariantGroup;
			children = (
				623C504518AFC387003FE84F /* en */,
			);
			name = InfoPlist.strings;
			sourceTree = "<group>";
		};
		623C504D18AFC387003FE84F /* Main.storyboard */ = {
			isa = PBXVariantGroup;
			children = (
				623C504E18AFC387003FE84F /* Base */,
			);
			name = Main.storyboard;
			sourceTree = "<group>";
		};
		623C506318AFC388003FE84F /* InfoPlist.strings */ = {
			isa = PBXVariantGroup;
			children = (
				623C506418AFC388003FE84F /* en */,
			);
			name = InfoPlist.strings;
			sourceTree = "<group>";
		};
/* End PBXVariantGroup section */

/* Begin XCBuildConfiguration section */
		623C506818AFC388003FE84F /* Debug */ = {
			isa = XCBuildConfiguration;
			buildSettings = {
				ALWAYS_SEARCH_USER_PATHS = NO;
				ARCHS = "$(ARCHS_STANDARD_INCLUDING_64_BIT)";
				CLANG_CXX_LANGUAGE_STANDARD = "gnu++0x";
				CLANG_CXX_LIBRARY = "libc++";
				CLANG_ENABLE_MODULES = YES;
				CLANG_ENABLE_OBJC_ARC = YES;
				CLANG_WARN_BOOL_CONVERSION = YES;
				CLANG_WARN_CONSTANT_CONVERSION = YES;
				CLANG_WARN_DIRECT_OBJC_ISA_USAGE = YES_ERROR;
				CLANG_WARN_EMPTY_BODY = YES;
				CLANG_WARN_ENUM_CONVERSION = YES;
				CLANG_WARN_INT_CONVERSION = YES;
				CLANG_WARN_OBJC_ROOT_CLASS = YES_ERROR;
				CLANG_WARN__DUPLICATE_METHOD_MATCH = YES;
				"CODE_SIGN_IDENTITY[sdk=iphoneos*]" = "iPhone Developer";
				COPY_PHASE_STRIP = NO;
				GCC_C_LANGUAGE_STANDARD = gnu99;
				GCC_DYNAMIC_NO_PIC = NO;
				GCC_OPTIMIZATION_LEVEL = 0;
				GCC_PREPROCESSOR_DEFINITIONS = (
					"DEBUG=1",
					"$(inherited)",
				);
				GCC_SYMBOLS_PRIVATE_EXTERN = NO;
				GCC_WARN_64_TO_32_BIT_CONVERSION = YES;
				GCC_WARN_ABOUT_RETURN_TYPE = YES_ERROR;
				GCC_WARN_UNDECLARED_SELECTOR = YES;
				GCC_WARN_UNINITIALIZED_AUTOS = YES;
				GCC_WARN_UNUSED_FUNCTION = YES;
				GCC_WARN_UNUSED_VARIABLE = YES;
				IPHONEOS_DEPLOYMENT_TARGET = 7.0;
				ONLY_ACTIVE_ARCH = YES;
				SDKROOT = iphoneos;
			};
			name = Debug;
		};
		623C506918AFC388003FE84F /* Release */ = {
			isa = XCBuildConfiguration;
			buildSettings = {
				ALWAYS_SEARCH_USER_PATHS = NO;
				ARCHS = "$(ARCHS_STANDARD_INCLUDING_64_BIT)";
				CLANG_CXX_LANGUAGE_STANDARD = "gnu++0x";
				CLANG_CXX_LIBRARY = "libc++";
				CLANG_ENABLE_MODULES = YES;
				CLANG_ENABLE_OBJC_ARC = YES;
				CLANG_WARN_BOOL_CONVERSION = YES;
				CLANG_WARN_CONSTANT_CONVERSION = YES;
				CLANG_WARN_DIRECT_OBJC_ISA_USAGE = YES_ERROR;
				CLANG_WARN_EMPTY_BODY = YES;
				CLANG_WARN_ENUM_CONVERSION = YES;
				CLANG_WARN_INT_CONVERSION = YES;
				CLANG_WARN_OBJC_ROOT_CLASS = YES_ERROR;
				CLANG_WARN__DUPLICATE_METHOD_MATCH = YES;
				"CODE_SIGN_IDENTITY[sdk=iphoneos*]" = "iPhone Developer";
				COPY_PHASE_STRIP = YES;
				ENABLE_NS_ASSERTIONS = NO;
				GCC_C_LANGUAGE_STANDARD = gnu99;
				GCC_WARN_64_TO_32_BIT_CONVERSION = YES;
				GCC_WARN_ABOUT_RETURN_TYPE = YES_ERROR;
				GCC_WARN_UNDECLARED_SELECTOR = YES;
				GCC_WARN_UNINITIALIZED_AUTOS = YES;
				GCC_WARN_UNUSED_FUNCTION = YES;
				GCC_WARN_UNUSED_VARIABLE = YES;
				IPHONEOS_DEPLOYMENT_TARGET = 7.0;
				SDKROOT = iphoneos;
				VALIDATE_PRODUCT = YES;
			};
			name = Release;
		};
		623C506B18AFC388003FE84F /* Debug */ = {
			isa = XCBuildConfiguration;
			buildSettings = {
				ASSETCATALOG_COMPILER_APPICON_NAME = AppIcon;
				ASSETCATALOG_COMPILER_LAUNCHIMAGE_NAME = LaunchImage;
				GCC_PRECOMPILE_PREFIX_HEADER = YES;
				GCC_PREFIX_HEADER = "Focusor/Focusor-Prefix.pch";
				INFOPLIST_FILE = "Focusor/Focusor-Info.plist";
				PRODUCT_NAME = "$(TARGET_NAME)";
				WRAPPER_EXTENSION = app;
			};
			name = Debug;
		};
		623C506C18AFC388003FE84F /* Release */ = {
			isa = XCBuildConfiguration;
			buildSettings = {
				ASSETCATALOG_COMPILER_APPICON_NAME = AppIcon;
				ASSETCATALOG_COMPILER_LAUNCHIMAGE_NAME = LaunchImage;
				GCC_PRECOMPILE_PREFIX_HEADER = YES;
				GCC_PREFIX_HEADER = "Focusor/Focusor-Prefix.pch";
				INFOPLIST_FILE = "Focusor/Focusor-Info.plist";
				PRODUCT_NAME = "$(TARGET_NAME)";
				WRAPPER_EXTENSION = app;
			};
			name = Release;
		};
		623C506E18AFC388003FE84F /* Debug */ = {
			isa = XCBuildConfiguration;
			buildSettings = {
				ARCHS = "$(ARCHS_STANDARD_INCLUDING_64_BIT)";
				BUNDLE_LOADER = "$(BUILT_PRODUCTS_DIR)/Focusor.app/Focusor";
				FRAMEWORK_SEARCH_PATHS = (
					"$(SDKROOT)/Developer/Library/Frameworks",
					"$(inherited)",
					"$(DEVELOPER_FRAMEWORKS_DIR)",
				);
				GCC_PRECOMPILE_PREFIX_HEADER = YES;
				GCC_PREFIX_HEADER = "Focusor/Focusor-Prefix.pch";
				GCC_PREPROCESSOR_DEFINITIONS = (
					"DEBUG=1",
					"$(inherited)",
				);
				INFOPLIST_FILE = "FocusorTests/FocusorTests-Info.plist";
				PRODUCT_NAME = "$(TARGET_NAME)";
				TEST_HOST = "$(BUNDLE_LOADER)";
				WRAPPER_EXTENSION = xctest;
			};
			name = Debug;
		};
		623C506F18AFC388003FE84F /* Release */ = {
			isa = XCBuildConfiguration;
			buildSettings = {
				ARCHS = "$(ARCHS_STANDARD_INCLUDING_64_BIT)";
				BUNDLE_LOADER = "$(BUILT_PRODUCTS_DIR)/Focusor.app/Focusor";
				FRAMEWORK_SEARCH_PATHS = (
					"$(SDKROOT)/Developer/Library/Frameworks",
					"$(inherited)",
					"$(DEVELOPER_FRAMEWORKS_DIR)",
				);
				GCC_PRECOMPILE_PREFIX_HEADER = YES;
				GCC_PREFIX_HEADER = "Focusor/Focusor-Prefix.pch";
				INFOPLIST_FILE = "FocusorTests/FocusorTests-Info.plist";
				PRODUCT_NAME = "$(TARGET_NAME)";
				TEST_HOST = "$(BUNDLE_LOADER)";
				WRAPPER_EXTENSION = xctest;
			};
			name = Release;
		};
/* End XCBuildConfiguration section */

/* Begin XCConfigurationList section */
		623C503318AFC387003FE84F /* Build configuration list for PBXProject "Focusor" */ = {
			isa = XCConfigurationList;
			buildConfigurations = (
				623C506818AFC388003FE84F /* Debug */,
				623C506918AFC388003FE84F /* Release */,
			);
			defaultConfigurationIsVisible = 0;
			defaultConfigurationName = Release;
		};
		623C506A18AFC388003FE84F /* Build configuration list for PBXNativeTarget "Focusor" */ = {
			isa = XCConfigurationList;
			buildConfigurations = (
				623C506B18AFC388003FE84F /* Debug */,
				623C506C18AFC388003FE84F /* Release */,
			);
			defaultConfigurationIsVisible = 0;
		};
		623C506D18AFC388003FE84F /* Build configuration list for PBXNativeTarget "FocusorTests" */ = {
			isa = XCConfigurationList;
			buildConfigurations = (
				623C506E18AFC388003FE84F /* Debug */,
				623C506F18AFC388003FE84F /* Release */,
			);
			defaultConfigurationIsVisible = 0;
		};
/* End XCConfigurationList section */
	};
	rootObject = 623C503018AFC387003FE84F /* Project object */;
}
